<Solution>
  <Folder Name="/src/">
    <Project Path="src/Orchestrator.Api/Orchestrator.Api.csproj" />
    <Project Path="src/Orchestrator.Core/Orchestrator.Core.csproj" />
    <Project Path="src/Orchestrator.Ui/Orchestrator.Ui.csproj" />
    <Project Path="src/Orchestrator.Ui.Components/Orchestrator.Ui.Components.csproj" />
  </Folder>
  <Folder Name="/tests/">
    <Project Path="tests/Orchestrator.Api.Tests/Orchestrator.Api.Tests.csproj" />
    <Project Path="tests/Orchestrator.Core.Tests/Orchestrator.Core.Tests.csproj" />
    <Project Path="tests/Orchestrator.Ui.Tests/Orchestrator.Ui.Tests.csproj" />
  </Folder>
</Solution>
